// !$*UTF8*$!
{
	archiveVersion = 1;
	classes = {
	};
	objectVersion = 55;
	objects = {

/* Begin PBXBuildFile section */
		BDBAF84A28AD5C7C00ADB8F0 /* AppDelegate.swift in Sources */ = {isa = PBXBuildFile; fileRef = BDBAF84928AD5C7C00ADB8F0 /* AppDelegate.swift */; };
		BDBAF84C28AD5C7C00ADB8F0 /* SceneDelegate.swift in Sources */ = {isa = PBXBuildFile; fileRef = BDBAF84B28AD5C7C00ADB8F0 /* SceneDelegate.swift */; };
		BDBAF85128AD5C7C00ADB8F0 /* Main.storyboard in Resources */ = {isa = PBXBuildFile; fileRef = BDBAF84F28AD5C7C00ADB8F0 /* Main.storyboard */; };
		BDBAF85428AD5C7C00ADB8F0 /* TableProject.xcdatamodeld in Sources */ = {isa = PBXBuildFile; fileRef = BDBAF85228AD5C7C00ADB8F0 /* TableProject.xcdatamodeld */; };
		BDBAF85628AD5C7E00ADB8F0 /* Assets.xcassets in Resources */ = {isa = PBXBuildFile; fileRef = BDBAF85528AD5C7E00ADB8F0 /* Assets.xcassets */; };
		BDBAF85928AD5C7E00ADB8F0 /* LaunchScreen.storyboard in Resources */ = {isa = PBXBuildFile; fileRef = BDBAF85728AD5C7E00ADB8F0 /* LaunchScreen.storyboard */; };
		BDBAF86128AD647B00ADB8F0 /* CatiTableTableViewController.swift in Sources */ = {isa = PBXBuildFile; fileRef = BDBAF86028AD647B00ADB8F0 /* CatiTableTableViewController.swift */; };
/* End PBXBuildFile section */

/* Begin PBXFileReference section */
		BDBAF84628AD5C7C00ADB8F0 /* TableProject.app */ = {isa = PBXFileReference; explicitFileType = wrapper.application; includeInIndex = 0; path = TableProject.app; sourceTree = BUILT_PRODUCTS_DIR; };
		BDBAF84928AD5C7C00ADB8F0 /* AppDelegate.swift */ = {isa = PBXFileReference; lastKnownFileType = sourcecode.swift; path = AppDelegate.swift; sourceTree = "<group>"; };
		BDBAF84B28AD5C7C00ADB8F0 /* SceneDelegate.swift */ = {isa = PBXFileReference; lastKnownFileType = sourcecode.swift; path = SceneDelegate.swift; sourceTree = "<group>"; };
		BDBAF85028AD5C7C00ADB8F0 /* Base */ = {isa = PBXFileReference; lastKnownFileType = file.storyboard; name = Base; path = Base.lproj/Main.storyboard; sourceTree = "<group>"; };
		BDBAF85328AD5C7C00ADB8F0 /* TableProject.xcdatamodel */ = {isa = PBXFileReference; lastKnownFileType = wrapper.xcdatamodel; path = TableProject.xcdatamodel; sourceTree = "<group>"; };
		BDBAF85528AD5C7E00ADB8F0 /* Assets.xcassets */ = {isa = PBXFileReference; lastKnownFileType = folder.assetcatalog; path = Assets.xcassets; sourceTree = "<group>"; };
		BDBAF85828AD5C7E00ADB8F0 /* Base */ = {isa = PBXFileReference; lastKnownFileType = file.storyboard; name = Base; path = Base.lproj/LaunchScreen.storyboard; sourceTree = "<group>"; };
		BDBAF85A28AD5C7E00ADB8F0 /* Info.plist */ = {isa = PBXFileReference; lastKnownFileType = text.plist.xml; path = Info.plist; sourceTree = "<group>"; };
		BDBAF86028AD647B00ADB8F0 /* CatiTableTableViewController.swift */ = {isa = PBXFileReference; lastKnownFileType = sourcecode.swift; path = CatiTableTableViewController.swift; sourceTree = "<group>"; };
/* End PBXFileReference section */

/* Begin PBXFrameworksBuildPhase section */
		BDBAF84328AD5C7C00ADB8F0 /* Frameworks */ = {
			isa = PBXFrameworksBuildPhase;
			buildActionMask = 2147483647;
			files = (
			);
			runOnlyForDeploymentPostprocessing = 0;
		};
/* End PBXFrameworksBuildPhase section */

/* Begin PBXGroup section */
		BDBAF83D28AD5C7C00ADB8F0 = {
			isa = PBXGroup;
			children = (
				BDBAF86028AD647B00ADB8F0 /* CatiTableTableViewController.swift */,
				BDBAF84828AD5C7C00ADB8F0 /* TableProject */,
				BDBAF84728AD5C7C00ADB8F0 /* Products */,
			);
			sourceTree = "<group>";
		};
		BDBAF84728AD5C7C00ADB8F0 /* Products */ = {
			isa = PBXGroup;
			children = (
				BDBAF84628AD5C7C00ADB8F0 /* TableProject.app */,
			);
			name = Products;
			sourceTree = "<group>";
		};
		BDBAF84828AD5C7C00ADB8F0 /* TableProject */ = {
			isa = PBXGroup;
			children = (
				BDBAF84928AD5C7C00ADB8F0 /* AppDelegate.swift */,
				BDBAF84B28AD5C7C00ADB8F0 /* SceneDelegate.swift */,
				BDBAF84F28AD5C7C00ADB8F0 /* Main.storyboard */,
				BDBAF85528AD5C7E00ADB8F0 /* Assets.xcassets */,
				BDBAF85728AD5C7E00ADB8F0 /* LaunchScreen.storyboard */,
				BDBAF85A28AD5C7E00ADB8F0 /* Info.plist */,
				BDBAF85228AD5C7C00ADB8F0 /* TableProject.xcdatamodeld */,
			);
			path = TableProject;
			sourceTree = "<group>";
		};
/* End PBXGroup section */

/* Begin PBXNativeTarget section */
		BDBAF84528AD5C7C00ADB8F0 /* TableProject */ = {
			isa = PBXNativeTarget;
			buildConfigurationList = BDBAF85D28AD5C7E00ADB8F0 /* Build configuration list for PBXNativeTarget "TableProject" */;
			buildPhases = (
				BDBAF84228AD5C7C00ADB8F0 /* Sources */,
				BDBAF84328AD5C7C00ADB8F0 /* Frameworks */,
				BDBAF84428AD5C7C00ADB8F0 /* Resources */,
			);
			buildRules = (
			);
			dependencies = (
			);
			name = TableProject;
			productName = TableProject;
			productReference = BDBAF84628AD5C7C00ADB8F0 /* TableProject.app */;
			productType = "com.apple.product-type.application";
		};
/* End PBXNativeTarget section */

/* Begin PBXProject section */
		BDBAF83E28AD5C7C00ADB8F0 /* Project object */ = {
			isa = PBXProject;
			attributes = {
				BuildIndependentTargetsInParallel = 1;
				LastSwiftUpdateCheck = 1340;
				LastUpgradeCheck = 1340;
				TargetAttributes = {
					BDBAF84528AD5C7C00ADB8F0 = {
						CreatedOnToolsVersion = 13.4.1;
					};
				};
			};
			buildConfigurationList = BDBAF84128AD5C7C00ADB8F0 /* Build configuration list for PBXProject "TableProject" */;
			compatibilityVersion = "Xcode 13.0";
			developmentRegion = en;
			hasScannedForEncodings = 0;
			knownRegions = (
				en,
				Base,
			);
			mainGroup = BDBAF83D28AD5C7C00ADB8F0;
			productRefGroup = BDBAF84728AD5C7C00ADB8F0 /* Products */;
			projectDirPath = "";
			projectRoot = "";
			targets = (
				BDBAF84528AD5C7C00ADB8F0 /* TableProject */,
			);
		};
/* End PBXProject section */

/* Begin PBXResourcesBuildPhase section */
		BDBAF84428AD5C7C00ADB8F0 /* Resources */ = {
			isa = PBXResourcesBuildPhase;
			buildActionMask = 2147483647;
			files = (
				BDBAF85928AD5C7E00ADB8F0 /* LaunchScreen.storyboard in Resources */,
				BDBAF85628AD5C7E00ADB8F0 /* Assets.xcassets in Resources */,
				BDBAF85128AD5C7C00ADB8F0 /* Main.storyboard in Resources */,
			);
			runOnlyForDeploymentPostprocessing = 0;
		};
/* End PBXResourcesBuildPhase section */

/* Begin PBXSourcesBuildPhase section */
		BDBAF84228AD5C7C00ADB8F0 /* Sources */ = {
			isa = PBXSourcesBuildPhase;
			buildActionMask = 2147483647;
			files = (
				BDBAF85428AD5C7C00ADB8F0 /* TableProject.xcdatamodeld in Sources */,
				BDBAF86128AD647B00ADB8F0 /* CatiTableTableViewController.swift in Sources */,
				BDBAF84A28AD5C7C00ADB8F0 /* AppDelegate.swift in Sources */,
				BDBAF84C28AD5C7C00ADB8F0 /* SceneDelegate.swift in Sources */,
			);
			runOnlyForDeploymentPostprocessing = 0;
		};
/* End PBXSourcesBuildPhase section */

/* Begin PBXVariantGroup section */
		BDBAF84F28AD5C7C00ADB8F0 /* Main.storyboard */ = {
			isa = PBXVariantGroup;
			children = (
				BDBAF85028AD5C7C00ADB8F0 /* Base */,
			);
			name = Main.storyboard;
			sourceTree = "<group>";
		};
		BDBAF85728AD5C7E00ADB8F0 /* LaunchScreen.storyboard */ = {
			isa = PBXVariantGroup;
			children = (
				BDBAF85828AD5C7E00ADB8F0 /* Base */,
			);
			name = LaunchScreen.storyboard;
			sourceTree = "<group>";
		};
/* End PBXVariantGroup section */

/* Begin XCBuildConfiguration section */
		BDBAF85B28AD5C7E00ADB8F0 /* Debug */ = {
			isa = XCBuildConfiguration;
			buildSettings = {
				ALWAYS_SEARCH_USER_PATHS = NO;
				CLANG_ANALYZER_NONNULL = YES;
				CLANG_ANALYZER_NUMBER_OBJECT_CONVERSION = YES_AGGRESSIVE;
				CLANG_CXX_LANGUAGE_STANDARD = "gnu++17";
				CLANG_ENABLE_MODULES = YES;
				CLANG_ENABLE_OBJC_ARC = YES;
				CLANG_ENABLE_OBJC_WEAK = YES;
				CLANG_WARN_BLOCK_CAPTURE_AUTORELEASING = YES;
				CLANG_WARN_BOOL_CONVERSION = YES;
				CLANG_WARN_COMMA = YES;
				CLANG_WARN_CONSTANT_CONVERSION = YES;
				CLANG_WARN_DEPRECATED_OBJC_IMPLEMENTATIONS = YES;
				CLANG_WARN_DIRECT_OBJC_ISA_USAGE = YES_ERROR;
				CLANG_WARN_DOCUMENTATION_COMMENTS = YES;
				CLANG_WARN_EMPTY_BODY = YES;
				CLANG_WARN_ENUM_CONVERSION = YES;
				CLANG_WARN_INFINITE_RECURSION = YES;
				CLANG_WARN_INT_CONVERSION = YES;
				CLANG_WARN_NON_LITERAL_NULL_CONVERSION = YES;
				CLANG_WARN_OBJC_IMPLICIT_RETAIN_SELF = YES;
				CLANG_WARN_OBJC_LITERAL_CONVERSION = YES;
				CLANG_WARN_OBJC_ROOT_CLASS = YES_ERROR;
				CLANG_WARN_QUOTED_INCLUDE_IN_FRAMEWORK_HEADER = YES;
				CLANG_WARN_RANGE_LOOP_ANALYSIS = YES;
				CLANG_WARN_STRICT_PROTOTYPES = YES;
				CLANG_WARN_SUSPICIOUS_MOVE = YES;
				CLANG_WARN_UNGUARDED_AVAILABILITY = YES_AGGRESSIVE;
				CLANG_WARN_UNREACHABLE_CODE = YES;
				CLANG_WARN__DUPLICATE_METHOD_MATCH = YES;
				COPY_PHASE_STRIP = NO;
				DEBUG_INFORMATION_FORMAT = dwarf;
				ENABLE_STRICT_OBJC_MSGSEND = YES;
				ENABLE_TESTABILITY = YES;
				GCC_C_LANGUAGE_STANDARD = gnu11;
				GCC_DYNAMIC_NO_PIC = NO;
				GCC_NO_COMMON_BLOCKS = YES;
				GCC_OPTIMIZATION_LEVEL = 0;
				GCC_PREPROCESSOR_DEFINITIONS = (
					"DEBUG=1",
					"$(inherited)",
				);
				GCC_WARN_64_TO_32_BIT_CONVERSION = YES;
				GCC_WARN_ABOUT_RETURN_TYPE = YES_ERROR;
				GCC_WARN_UNDECLARED_SELECTOR = YES;
				GCC_WARN_UNINITIALIZED_AUTOS = YES_AGGRESSIVE;
				GCC_WARN_UNUSED_FUNCTION = YES;
				GCC_WARN_UNUSED_VARIABLE = YES;
				IPHONEOS_DEPLOYMENT_TARGET = 15.5;
				MTL_ENABLE_DEBUG_INFO = INCLUDE_SOURCE;
				MTL_FAST_MATH = YES;
				ONLY_ACTIVE_ARCH = YES;
				SDKROOT = iphoneos;
				SWIFT_ACTIVE_COMPILATION_CONDITIONS = DEBUG;
				SWIFT_OPTIMIZATION_LEVEL = "-Onone";
			};
			name = Debug;
		};
		BDBAF85C28AD5C7E00ADB8F0 /* Release */ = {
			isa = XCBuildConfiguration;
			buildSettings = {
				ALWAYS_SEARCH_USER_PATHS = NO;
				CLANG_ANALYZER_NONNULL = YES;
				CLANG_ANALYZER_NUMBER_OBJECT_CONVERSION = YES_AGGRESSIVE;
				CLANG_CXX_LANGUAGE_STANDARD = "gnu++17";
				CLANG_ENABLE_MODULES = YES;
				CLANG_ENABLE_OBJC_ARC = YES;
				CLANG_ENABLE_OBJC_WEAK = YES;
				CLANG_WARN_BLOCK_CAPTURE_AUTORELEASING = YES;
				CLANG_WARN_BOOL_CONVERSION = YES;
				CLANG_WARN_COMMA = YES;
				CLANG_WARN_CONSTANT_CONVERSION = YES;
				CLANG_WARN_DEPRECATED_OBJC_IMPLEMENTATIONS = YES;
				CLANG_WARN_DIRECT_OBJC_ISA_USAGE = YES_ERROR;
				CLANG_WARN_DOCUMENTATION_COMMENTS = YES;
				CLANG_WARN_EMPTY_BODY = YES;
				CLANG_WARN_ENUM_CONVERSION = YES;
				CLANG_WARN_INFINITE_RECURSION = YES;
				CLANG_WARN_INT_CONVERSION = YES;
				CLANG_WARN_NON_LITERAL_NULL_CONVERSION = YES;
				CLANG_WARN_OBJC_IMPLICIT_RETAIN_SELF = YES;
				CLANG_WARN_OBJC_LITERAL_CONVERSION = YES;
				CLANG_WARN_OBJC_ROOT_CLASS = YES_ERROR;
				CLANG_WARN_QUOTED_INCLUDE_IN_FRAMEWORK_HEADER = YES;
				CLANG_WARN_RANGE_LOOP_ANALYSIS = YES;
				CLANG_WARN_STRICT_PROTOTYPES = YES;
				CLANG_WARN_SUSPICIOUS_MOVE = YES;
				CLANG_WARN_UNGUARDED_AVAILABILITY = YES_AGGRESSIVE;
				CLANG_WARN_UNREACHABLE_CODE = YES;
				CLANG_WARN__DUPLICATE_METHOD_MATCH = YES;
				COPY_PHASE_STRIP = NO;
				DEBUG_INFORMATION_FORMAT = "dwarf-with-dsym";
				ENABLE_NS_ASSERTIONS = NO;
				ENABLE_STRICT_OBJC_MSGSEND = YES;
				GCC_C_LANGUAGE_STANDARD = gnu11;
				GCC_NO_COMMON_BLOCKS = YES;
				GCC_WARN_64_TO_32_BIT_CONVERSION = YES;
				GCC_WARN_ABOUT_RETURN_TYPE = YES_ERROR;
				GCC_WARN_UNDECLARED_SELECTOR = YES;
				GCC_WARN_UNINITIALIZED_AUTOS = YES_AGGRESSIVE;
				GCC_WARN_UNUSED_FUNCTION = YES;
				GCC_WARN_UNUSED_VARIABLE = YES;
				IPHONEOS_DEPLOYMENT_TARGET = 15.5;
				MTL_ENABLE_DEBUG_INFO = NO;
				MTL_FAST_MATH = YES;
				SDKROOT = iphoneos;
				SWIFT_COMPILATION_MODE = wholemodule;
				SWIFT_OPTIMIZATION_LEVEL = "-O";
				VALIDATE_PRODUCT = YES;
			};
			name = Release;
		};
		BDBAF85E28AD5C7E00ADB8F0 /* Debug */ = {
			isa = XCBuildConfiguration;
			buildSettings = {
				ASSETCATALOG_COMPILER_APPICON_NAME = AppIcon;
				ASSETCATALOG_COMPILER_GLOBAL_ACCENT_COLOR_NAME = AccentColor;
				CODE_SIGN_STYLE = Automatic;
				CURRENT_PROJECT_VERSION = 1;
				GENERATE_INFOPLIST_FILE = YES;
				INFOPLIST_FILE = TableProject/Info.plist;
				INFOPLIST_KEY_UIApplicationSupportsIndirectInputEvents = YES;
				INFOPLIST_KEY_UILaunchStoryboardName = LaunchScreen;
				INFOPLIST_KEY_UIMainStoryboardFile = Main;
				INFOPLIST_KEY_UISupportedInterfaceOrientations_iPad = "UIInterfaceOrientationPortrait UIInterfaceOrientationPortraitUpsideDown UIInterfaceOrientationLandscapeLeft UIInterfaceOrientationLandscapeRight";
				INFOPLIST_KEY_UISupportedInterfaceOrientations_iPhone = "UIInterfaceOrientationPortrait UIInterfaceOrientationLandscapeLeft UIInterfaceOrientationLandscapeRight";
				LD_RUNPATH_SEARCH_PATHS = (
					"$(inherited)",
					"@executable_path/Frameworks",
				);
				MARKETING_VERSION = 1.0;
				PRODUCT_BUNDLE_IDENTIFIER = KodeWithKlossy.TableProject;
				PRODUCT_NAME = "$(TARGET_NAME)";
				SWIFT_EMIT_LOC_STRINGS = YES;
				SWIFT_VERSION = 5.0;
				TARGETED_DEVICE_FAMILY = "1,2";
			};
			name = Debug;
		};
		BDBAF85F28AD5C7E00ADB8F0 /* Release */ = {
			isa = XCBuildConfiguration;
			buildSettings = {
				ASSETCATALOG_COMPILER_APPICON_NAME = AppIcon;
				ASSETCATALOG_COMPILER_GLOBAL_ACCENT_COLOR_NAME = AccentColor;
				CODE_SIGN_STYLE = Automatic;
				CURRENT_PROJECT_VERSION = 1;
				GENERATE_INFOPLIST_FILE = YES;
				INFOPLIST_FILE = TableProject/Info.plist;
				INFOPLIST_KEY_UIApplicationSupportsIndirectInputEvents = YES;
				INFOPLIST_KEY_UILaunchStoryboardName = LaunchScreen;
				INFOPLIST_KEY_UIMainStoryboardFile = Main;
				INFOPLIST_KEY_UISupportedInterfaceOrientations_iPad = "UIInterfaceOrientationPortrait UIInterfaceOrientationPortraitUpsideDown UIInterfaceOrientationLandscapeLeft UIInterfaceOrientationLandscapeRight";
				INFOPLIST_KEY_UISupportedInterfaceOrientations_iPhone = "UIInterfaceOrientationPortrait UIInterfaceOrientationLandscapeLeft UIInterfaceOrientationLandscapeRight";
				LD_RUNPATH_SEARCH_PATHS = (
					"$(inherited)",
					"@executable_path/Frameworks",
				);
				MARKETING_VERSION = 1.0;
				PRODUCT_BUNDLE_IDENTIFIER = KodeWithKlossy.TableProject;
				PRODUCT_NAME = "$(TARGET_NAME)";
				SWIFT_EMIT_LOC_STRINGS = YES;
				SWIFT_VERSION = 5.0;
				TARGETED_DEVICE_FAMILY = "1,2";
			};
			name = Release;
		};
/* End XCBuildConfiguration section */

/* Begin XCConfigurationList section */
		BDBAF84128AD5C7C00ADB8F0 /* Build configuration list for PBXProject "TableProject" */ = {
			isa = XCConfigurationList;
			buildConfigurations = (
				BDBAF85B28AD5C7E00ADB8F0 /* Debug */,
				BDBAF85C28AD5C7E00ADB8F0 /* Release */,
			);
			defaultConfigurationIsVisible = 0;
			defaultConfigurationName = Release;
		};
		BDBAF85D28AD5C7E00ADB8F0 /* Build configuration list for PBXNativeTarget "TableProject" */ = {
			isa = XCConfigurationList;
			buildConfigurations = (
				BDBAF85E28AD5C7E00ADB8F0 /* Debug */,
				BDBAF85F28AD5C7E00ADB8F0 /* Release */,
			);
			defaultConfigurationIsVisible = 0;
			defaultConfigurationName = Release;
		};
/* End XCConfigurationList section */

/* Begin XCVersionGroup section */
		BDBAF85228AD5C7C00ADB8F0 /* TableProject.xcdatamodeld */ = {
			isa = XCVersionGroup;
			children = (
				BDBAF85328AD5C7C00ADB8F0 /* TableProject.xcdatamodel */,
			);
			currentVersion = BDBAF85328AD5C7C00ADB8F0 /* TableProject.xcdatamodel */;
			path = TableProject.xcdatamodeld;
			sourceTree = "<group>";
			versionGroupType = wrapper.xcdatamodel;
		};
/* End XCVersionGroup section */
	};
	rootObject = BDBAF83E28AD5C7C00ADB8F0 /* Project object */;
}
